<Solution>
  <Folder Name="/src/" />
  <Folder Name="/src/desktop/">
    <Project Path="src/desktop/ZaggyCode.Avalonia/ZaggyCode.Avalonia.csproj" />
    <Project Path="src\desktop\ZaggyCode.Core\ZaggyCode.Core.csproj" />
    <Project Path="src\desktop\ZaggyCode.Modules\ZaggyCode.Modules.csproj" />
  </Folder>
  <Folder Name="/tests/">
    <Project Path="tests\ZaggyCode.Tests\ZaggyCode.Tests.csproj" />
  </Folder>
</Solution>
